
Microsoft Visual Studio Solution File, Format Version 12.00
# Visual Studio Version 16
VisualStudioVersion = 16.0.29728.190
MinimumVisualStudioVersion = 10.0.40219.1
Project("{9A19103F-16F7-4668-BE54-9A1E7A4F7556}") = "Junto.Api", "Junto.Api\Junto.Api.csproj", "{89CAAF97-DE4C-45E0-BB58-9D269A561A6C}"
EndProject
Project("{9A19103F-16F7-4668-BE54-9A1E7A4F7556}") = "Junto.Application", "Junto.Application\Junto.Application.csproj", "{3F0A5A72-22F9-4C0F-A8FD-9BA5D540E9D7}"
EndProject
Project("{9A19103F-16F7-4668-BE54-9A1E7A4F7556}") = "Junto.Infra", "Junto.Infra\Junto.Infra.csproj", "{27751271-F16A-42DF-AD1A-F732799CDC72}"
EndProject
Project("{FAE04EC0-301F-11D3-BF4B-00C04F79EFBC}") = "Junto.Test", "Junto.Test\Junto.Test.csproj", "{5592DF1B-CA1C-4EC3-95B3-45FD4ABB1213}"
EndProject
Global
	GlobalSection(SolutionConfigurationPlatforms) = preSolution
		Debug|Any CPU = Debug|Any CPU
		Release|Any CPU = Release|Any CPU
	EndGlobalSection
	GlobalSection(ProjectConfigurationPlatforms) = postSolution
		{89CAAF97-DE4C-45E0-BB58-9D269A561A6C}.Debug|Any CPU.ActiveCfg = Debug|Any CPU
		{89CAAF97-DE4C-45E0-BB58-9D269A561A6C}.Debug|Any CPU.Build.0 = Debug|Any CPU
		{89CAAF97-DE4C-45E0-BB58-9D269A561A6C}.Release|Any CPU.ActiveCfg = Release|Any CPU
		{89CAAF97-DE4C-45E0-BB58-9D269A561A6C}.Release|Any CPU.Build.0 = Release|Any CPU
		{3F0A5A72-22F9-4C0F-A8FD-9BA5D540E9D7}.Debug|Any CPU.ActiveCfg = Debug|Any CPU
		{3F0A5A72-22F9-4C0F-A8FD-9BA5D540E9D7}.Debug|Any CPU.Build.0 = Debug|Any CPU
		{3F0A5A72-22F9-4C0F-A8FD-9BA5D540E9D7}.Release|Any CPU.ActiveCfg = Release|Any CPU
		{3F0A5A72-22F9-4C0F-A8FD-9BA5D540E9D7}.Release|Any CPU.Build.0 = Release|Any CPU
		{27751271-F16A-42DF-AD1A-F732799CDC72}.Debug|Any CPU.ActiveCfg = Debug|Any CPU
		{27751271-F16A-42DF-AD1A-F732799CDC72}.Debug|Any CPU.Build.0 = Debug|Any CPU
		{27751271-F16A-42DF-AD1A-F732799CDC72}.Release|Any CPU.ActiveCfg = Release|Any CPU
		{27751271-F16A-42DF-AD1A-F732799CDC72}.Release|Any CPU.Build.0 = Release|Any CPU
		{5592DF1B-CA1C-4EC3-95B3-45FD4ABB1213}.Debug|Any CPU.ActiveCfg = Debug|Any CPU
		{5592DF1B-CA1C-4EC3-95B3-45FD4ABB1213}.Debug|Any CPU.Build.0 = Debug|Any CPU
		{5592DF1B-CA1C-4EC3-95B3-45FD4ABB1213}.Release|Any CPU.ActiveCfg = Release|Any CPU
		{5592DF1B-CA1C-4EC3-95B3-45FD4ABB1213}.Release|Any CPU.Build.0 = Release|Any CPU
	EndGlobalSection
	GlobalSection(SolutionProperties) = preSolution
		HideSolutionNode = FALSE
	EndGlobalSection
	GlobalSection(ExtensibilityGlobals) = postSolution
		SolutionGuid = {FD547D3A-299F-4300-942E-512A0FBF5744}
	EndGlobalSection
EndGlobal
